
Microsoft Visual Studio Solution File, Format Version 12.00
# Visual Studio 15
VisualStudioVersion = 15.0.26403.7
MinimumVisualStudioVersion = 10.0.40219.1
Project("{FAE04EC0-301F-11D3-BF4B-00C04F79EFBC}") = "TddBuddy.CleanArchitecture.TestUtils", "TddBuddy.CleanArchitecture.TestUtils\TddBuddy.CleanArchitecture.TestUtils.csproj", "{B9ADA06C-0488-4A8A-8F52-764D1E0D055F}"
EndProject
Project("{FAE04EC0-301F-11D3-BF4B-00C04F79EFBC}") = "TddBuddy.CleanArchitecture.TestUtils.Tests", "TddBuddy.CleanArchitecture.TestUtils.Tests\TddBuddy.CleanArchitecture.TestUtils.Tests.csproj", "{C779BA19-032B-4145-859D-EABCD2569F7B}"
EndProject
Global
	GlobalSection(SolutionConfigurationPlatforms) = preSolution
		Debug|Any CPU = Debug|Any CPU
		Release|Any CPU = Release|Any CPU
	EndGlobalSection
	GlobalSection(ProjectConfigurationPlatforms) = postSolution
		{B9ADA06C-0488-4A8A-8F52-764D1E0D055F}.Debug|Any CPU.ActiveCfg = Debug|Any CPU
		{B9ADA06C-0488-4A8A-8F52-764D1E0D055F}.Debug|Any CPU.Build.0 = Debug|Any CPU
		{B9ADA06C-0488-4A8A-8F52-764D1E0D055F}.Release|Any CPU.ActiveCfg = Release|Any CPU
		{B9ADA06C-0488-4A8A-8F52-764D1E0D055F}.Release|Any CPU.Build.0 = Release|Any CPU
		{C779BA19-032B-4145-859D-EABCD2569F7B}.Debug|Any CPU.ActiveCfg = Debug|Any CPU
		{C779BA19-032B-4145-859D-EABCD2569F7B}.Debug|Any CPU.Build.0 = Debug|Any CPU
		{C779BA19-032B-4145-859D-EABCD2569F7B}.Release|Any CPU.ActiveCfg = Release|Any CPU
		{C779BA19-032B-4145-859D-EABCD2569F7B}.Release|Any CPU.Build.0 = Release|Any CPU
	EndGlobalSection
	GlobalSection(SolutionProperties) = preSolution
		HideSolutionNode = FALSE
	EndGlobalSection
EndGlobal
